{
  "requires": true,
  "lockfileVersion": 1,
  "dependencies": {
    "@types/googlemaps": {
      "version": "3.39.9",
      "resolved": "https://registry.npmjs.org/@types/googlemaps/-/googlemaps-3.39.9.tgz",
      "integrity": "sha512-T6QSosejFkUxXLF4FpDAIjVCS9ptieCj8illG4k6abbB/oVaxwrD4+gx/grkv68cFLmEfH+xO510obIyNjL9Tw==",
      "dev": true
    }
  }
}
